
Microsoft Visual Studio Solution File, Format Version 12.00
# Visual Studio Version 17
VisualStudioVersion = 17.8.34511.84
MinimumVisualStudioVersion = 10.0.40219.1
Project("{FAE04EC0-301F-11D3-BF4B-00C04F79EFBC}") = "SmartCanteen", "SmartCanteen\SmartCanteen.csproj", "{A8E45621-C41F-41FD-8206-E419C294B1DA}"
EndProject
Global
	GlobalSection(SolutionConfigurationPlatforms) = preSolution
		Debug|Any CPU = Debug|Any CPU
		Release|Any CPU = Release|Any CPU
	EndGlobalSection
	GlobalSection(ProjectConfigurationPlatforms) = postSolution
		{A8E45621-C41F-41FD-8206-E419C294B1DA}.Debug|Any CPU.ActiveCfg = Debug|Any CPU
		{A8E45621-C41F-41FD-8206-E419C294B1DA}.Debug|Any CPU.Build.0 = Debug|Any CPU
		{A8E45621-C41F-41FD-8206-E419C294B1DA}.Release|Any CPU.ActiveCfg = Release|Any CPU
		{A8E45621-C41F-41FD-8206-E419C294B1DA}.Release|Any CPU.Build.0 = Release|Any CPU
	EndGlobalSection
	GlobalSection(SolutionProperties) = preSolution
		HideSolutionNode = FALSE
	EndGlobalSection
	GlobalSection(ExtensibilityGlobals) = postSolution
		SolutionGuid = {12578758-DD73-4163-BFE0-4FAE323D9B6E}
	EndGlobalSection
EndGlobal
